// !$*UTF8*$!
{
	archiveVersion = 1;
	classes = {
	};
	objectVersion = 51;
	objects = {

/* Begin PBXBuildFile section */
		67CE74E526ADC50600274003 /* AppDelegate.swift in Sources */ = {isa = PBXBuildFile; fileRef = 67CE74E426ADC50600274003 /* AppDelegate.swift */; };
		67CE74E726ADC50600274003 /* SceneDelegate.swift in Sources */ = {isa = PBXBuildFile; fileRef = 67CE74E626ADC50600274003 /* SceneDelegate.swift */; };
		67CE74EE26ADC50800274003 /* Assets.xcassets in Resources */ = {isa = PBXBuildFile; fileRef = 67CE74ED26ADC50800274003 /* Assets.xcassets */; };
		67CE750C26AE058500274003 /* MainViewController.swift in Sources */ = {isa = PBXBuildFile; fileRef = 67CE750A26AE058500274003 /* MainViewController.swift */; };
		67CE750D26AE058500274003 /* MainViewController.xib in Resources */ = {isa = PBXBuildFile; fileRef = 67CE750B26AE058500274003 /* MainViewController.xib */; };
		67CE751526AE113900274003 /* AuthService.swift in Sources */ = {isa = PBXBuildFile; fileRef = 67CE751426AE113900274003 /* AuthService.swift */; };
		67CE751F26AF043900274003 /* AlbumViewController.swift in Sources */ = {isa = PBXBuildFile; fileRef = 67CE751E26AF043900274003 /* AlbumViewController.swift */; };
		67CE752426AF17A600274003 /* NetworkComponents.swift in Sources */ = {isa = PBXBuildFile; fileRef = 67CE752326AF17A500274003 /* NetworkComponents.swift */; };
		67CE752726AF272B00274003 /* API.swift in Sources */ = {isa = PBXBuildFile; fileRef = 67CE752626AF272B00274003 /* API.swift */; };
		67CE752A26AF4DA000274003 /* AlbumResponse.swift in Sources */ = {isa = PBXBuildFile; fileRef = 67CE752926AF4DA000274003 /* AlbumResponse.swift */; };
		94FBC3B0A50E4AD262FC6344 /* Pods_VKPhotoViewer.framework in Frameworks */ = {isa = PBXBuildFile; fileRef = F0D88899E19BBCDFACB193CE /* Pods_VKPhotoViewer.framework */; };
/* End PBXBuildFile section */

/* Begin PBXFileReference section */
		67CE74E126ADC50600274003 /* VKPhotoViewer.app */ = {isa = PBXFileReference; explicitFileType = wrapper.application; includeInIndex = 0; path = VKPhotoViewer.app; sourceTree = BUILT_PRODUCTS_DIR; };
		67CE74E426ADC50600274003 /* AppDelegate.swift */ = {isa = PBXFileReference; lastKnownFileType = sourcecode.swift; path = AppDelegate.swift; sourceTree = "<group>"; };
		67CE74E626ADC50600274003 /* SceneDelegate.swift */ = {isa = PBXFileReference; lastKnownFileType = sourcecode.swift; path = SceneDelegate.swift; sourceTree = "<group>"; };
		67CE74ED26ADC50800274003 /* Assets.xcassets */ = {isa = PBXFileReference; lastKnownFileType = folder.assetcatalog; path = Assets.xcassets; sourceTree = "<group>"; };
		67CE74F226ADC50800274003 /* Info.plist */ = {isa = PBXFileReference; lastKnownFileType = text.plist.xml; path = Info.plist; sourceTree = "<group>"; };
		67CE750A26AE058500274003 /* MainViewController.swift */ = {isa = PBXFileReference; lastKnownFileType = sourcecode.swift; path = MainViewController.swift; sourceTree = "<group>"; };
		67CE750B26AE058500274003 /* MainViewController.xib */ = {isa = PBXFileReference; lastKnownFileType = file.xib; path = MainViewController.xib; sourceTree = "<group>"; };
		67CE751426AE113900274003 /* AuthService.swift */ = {isa = PBXFileReference; lastKnownFileType = sourcecode.swift; path = AuthService.swift; sourceTree = "<group>"; };
		67CE751E26AF043900274003 /* AlbumViewController.swift */ = {isa = PBXFileReference; lastKnownFileType = sourcecode.swift; path = AlbumViewController.swift; sourceTree = "<group>"; };
		67CE752326AF17A500274003 /* NetworkComponents.swift */ = {isa = PBXFileReference; lastKnownFileType = sourcecode.swift; path = NetworkComponents.swift; sourceTree = "<group>"; };
		67CE752626AF272B00274003 /* API.swift */ = {isa = PBXFileReference; lastKnownFileType = sourcecode.swift; path = API.swift; sourceTree = "<group>"; };
		67CE752926AF4DA000274003 /* AlbumResponse.swift */ = {isa = PBXFileReference; lastKnownFileType = sourcecode.swift; path = AlbumResponse.swift; sourceTree = "<group>"; };
		906552C17D1D41530B916768 /* Pods-VKPhotoViewer.debug.xcconfig */ = {isa = PBXFileReference; includeInIndex = 1; lastKnownFileType = text.xcconfig; name = "Pods-VKPhotoViewer.debug.xcconfig"; path = "Target Support Files/Pods-VKPhotoViewer/Pods-VKPhotoViewer.debug.xcconfig"; sourceTree = "<group>"; };
		A222B0C8223B06653F7DFF8E /* Pods-VKPhotoViewer.release.xcconfig */ = {isa = PBXFileReference; includeInIndex = 1; lastKnownFileType = text.xcconfig; name = "Pods-VKPhotoViewer.release.xcconfig"; path = "Target Support Files/Pods-VKPhotoViewer/Pods-VKPhotoViewer.release.xcconfig"; sourceTree = "<group>"; };
		F0D88899E19BBCDFACB193CE /* Pods_VKPhotoViewer.framework */ = {isa = PBXFileReference; explicitFileType = wrapper.framework; includeInIndex = 0; path = Pods_VKPhotoViewer.framework; sourceTree = BUILT_PRODUCTS_DIR; };
/* End PBXFileReference section */

/* Begin PBXFrameworksBuildPhase section */
		67CE74DE26ADC50600274003 /* Frameworks */ = {
			isa = PBXFrameworksBuildPhase;
			buildActionMask = 2147483647;
			files = (
				94FBC3B0A50E4AD262FC6344 /* Pods_VKPhotoViewer.framework in Frameworks */,
			);
			runOnlyForDeploymentPostprocessing = 0;
		};
/* End PBXFrameworksBuildPhase section */

/* Begin PBXGroup section */
		2D25CBB289D608461973AD34 /* Pods */ = {
			isa = PBXGroup;
			children = (
				906552C17D1D41530B916768 /* Pods-VKPhotoViewer.debug.xcconfig */,
				A222B0C8223B06653F7DFF8E /* Pods-VKPhotoViewer.release.xcconfig */,
			);
			path = Pods;
			sourceTree = "<group>";
		};
		67CE74D826ADC50600274003 = {
			isa = PBXGroup;
			children = (
				67CE74E326ADC50600274003 /* VKPhotoViewer */,
				67CE74E226ADC50600274003 /* Products */,
				2D25CBB289D608461973AD34 /* Pods */,
				F4EFD43DDF818BD06CF8F6D3 /* Frameworks */,
			);
			sourceTree = "<group>";
		};
		67CE74E226ADC50600274003 /* Products */ = {
			isa = PBXGroup;
			children = (
				67CE74E126ADC50600274003 /* VKPhotoViewer.app */,
			);
			name = Products;
			sourceTree = "<group>";
		};
		67CE74E326ADC50600274003 /* VKPhotoViewer */ = {
			isa = PBXGroup;
			children = (
				67CE751726AE113F00274003 /* Services */,
				67CE750626AE055500274003 /* Resources */,
				67CE750526AE054C00274003 /* View Controllers */,
				67CE750426AE054300274003 /* Supporting Files */,
				67CE750326AE053900274003 /* Models */,
			);
			path = VKPhotoViewer;
			sourceTree = "<group>";
		};
		67CE750326AE053900274003 /* Models */ = {
			isa = PBXGroup;
			children = (
				67CE752926AF4DA000274003 /* AlbumResponse.swift */,
			);
			path = Models;
			sourceTree = "<group>";
		};
		67CE750426AE054300274003 /* Supporting Files */ = {
			isa = PBXGroup;
			children = (
				67CE74E626ADC50600274003 /* SceneDelegate.swift */,
				67CE74F226ADC50800274003 /* Info.plist */,
				67CE74E426ADC50600274003 /* AppDelegate.swift */,
			);
			path = "Supporting Files";
			sourceTree = "<group>";
		};
		67CE750526AE054C00274003 /* View Controllers */ = {
			isa = PBXGroup;
			children = (
				67CE750A26AE058500274003 /* MainViewController.swift */,
				67CE750B26AE058500274003 /* MainViewController.xib */,
				67CE751E26AF043900274003 /* AlbumViewController.swift */,
			);
			path = "View Controllers";
			sourceTree = "<group>";
		};
		67CE750626AE055500274003 /* Resources */ = {
			isa = PBXGroup;
			children = (
				67CE74ED26ADC50800274003 /* Assets.xcassets */,
			);
			path = Resources;
			sourceTree = "<group>";
		};
		67CE751726AE113F00274003 /* Services */ = {
			isa = PBXGroup;
			children = (
				67CE751426AE113900274003 /* AuthService.swift */,
				67CE752326AF17A500274003 /* NetworkComponents.swift */,
				67CE752626AF272B00274003 /* API.swift */,
			);
			path = Services;
			sourceTree = "<group>";
		};
		F4EFD43DDF818BD06CF8F6D3 /* Frameworks */ = {
			isa = PBXGroup;
			children = (
				F0D88899E19BBCDFACB193CE /* Pods_VKPhotoViewer.framework */,
			);
			name = Frameworks;
			sourceTree = "<group>";
		};
/* End PBXGroup section */

/* Begin PBXNativeTarget section */
		67CE74E026ADC50600274003 /* VKPhotoViewer */ = {
			isa = PBXNativeTarget;
			buildConfigurationList = 67CE74F526ADC50800274003 /* Build configuration list for PBXNativeTarget "VKPhotoViewer" */;
			buildPhases = (
				A8CFB228214144AE63AC7854 /* [CP] Check Pods Manifest.lock */,
				67CE74DD26ADC50600274003 /* Sources */,
				67CE74DE26ADC50600274003 /* Frameworks */,
				67CE74DF26ADC50600274003 /* Resources */,
				AFA727A06F99733E45486519 /* [CP] Embed Pods Frameworks */,
			);
			buildRules = (
			);
			dependencies = (
			);
			name = VKPhotoViewer;
			productName = VKPhotoViewer;
			productReference = 67CE74E126ADC50600274003 /* VKPhotoViewer.app */;
			productType = "com.apple.product-type.application";
		};
/* End PBXNativeTarget section */

/* Begin PBXProject section */
		67CE74D926ADC50600274003 /* Project object */ = {
			isa = PBXProject;
			attributes = {
				LastSwiftUpdateCheck = 1240;
				LastUpgradeCheck = 1240;
				TargetAttributes = {
					67CE74E026ADC50600274003 = {
						CreatedOnToolsVersion = 12.4;
					};
				};
			};
			buildConfigurationList = 67CE74DC26ADC50600274003 /* Build configuration list for PBXProject "VKPhotoViewer" */;
			compatibilityVersion = "Xcode 9.3";
			developmentRegion = en;
			hasScannedForEncodings = 0;
			knownRegions = (
				en,
				Base,
			);
			mainGroup = 67CE74D826ADC50600274003;
			productRefGroup = 67CE74E226ADC50600274003 /* Products */;
			projectDirPath = "";
			projectRoot = "";
			targets = (
				67CE74E026ADC50600274003 /* VKPhotoViewer */,
			);
		};
/* End PBXProject section */

/* Begin PBXResourcesBuildPhase section */
		67CE74DF26ADC50600274003 /* Resources */ = {
			isa = PBXResourcesBuildPhase;
			buildActionMask = 2147483647;
			files = (
				67CE74EE26ADC50800274003 /* Assets.xcassets in Resources */,
				67CE750D26AE058500274003 /* MainViewController.xib in Resources */,
			);
			runOnlyForDeploymentPostprocessing = 0;
		};
/* End PBXResourcesBuildPhase section */

/* Begin PBXShellScriptBuildPhase section */
		A8CFB228214144AE63AC7854 /* [CP] Check Pods Manifest.lock */ = {
			isa = PBXShellScriptBuildPhase;
			buildActionMask = 2147483647;
			files = (
			);
			inputFileListPaths = (
			);
			inputPaths = (
				"${PODS_PODFILE_DIR_PATH}/Podfile.lock",
				"${PODS_ROOT}/Manifest.lock",
			);
			name = "[CP] Check Pods Manifest.lock";
			outputFileListPaths = (
			);
			outputPaths = (
				"$(DERIVED_FILE_DIR)/Pods-VKPhotoViewer-checkManifestLockResult.txt",
			);
			runOnlyForDeploymentPostprocessing = 0;
			shellPath = /bin/sh;
			shellScript = "diff \"${PODS_PODFILE_DIR_PATH}/Podfile.lock\" \"${PODS_ROOT}/Manifest.lock\" > /dev/null\nif [ $? != 0 ] ; then\n    # print error to STDERR\n    echo \"error: The sandbox is not in sync with the Podfile.lock. Run 'pod install' or update your CocoaPods installation.\" >&2\n    exit 1\nfi\n# This output is used by Xcode 'outputs' to avoid re-running this script phase.\necho \"SUCCESS\" > \"${SCRIPT_OUTPUT_FILE_0}\"\n";
			showEnvVarsInLog = 0;
		};
		AFA727A06F99733E45486519 /* [CP] Embed Pods Frameworks */ = {
			isa = PBXShellScriptBuildPhase;
			buildActionMask = 2147483647;
			files = (
			);
			inputFileListPaths = (
				"${PODS_ROOT}/Target Support Files/Pods-VKPhotoViewer/Pods-VKPhotoViewer-frameworks-${CONFIGURATION}-input-files.xcfilelist",
			);
			name = "[CP] Embed Pods Frameworks";
			outputFileListPaths = (
				"${PODS_ROOT}/Target Support Files/Pods-VKPhotoViewer/Pods-VKPhotoViewer-frameworks-${CONFIGURATION}-output-files.xcfilelist",
			);
			runOnlyForDeploymentPostprocessing = 0;
			shellPath = /bin/sh;
			shellScript = "\"${PODS_ROOT}/Target Support Files/Pods-VKPhotoViewer/Pods-VKPhotoViewer-frameworks.sh\"\n";
			showEnvVarsInLog = 0;
		};
/* End PBXShellScriptBuildPhase section */

/* Begin PBXSourcesBuildPhase section */
		67CE74DD26ADC50600274003 /* Sources */ = {
			isa = PBXSourcesBuildPhase;
			buildActionMask = 2147483647;
			files = (
				67CE752426AF17A600274003 /* NetworkComponents.swift in Sources */,
				67CE751F26AF043900274003 /* AlbumViewController.swift in Sources */,
				67CE750C26AE058500274003 /* MainViewController.swift in Sources */,
				67CE74E526ADC50600274003 /* AppDelegate.swift in Sources */,
				67CE74E726ADC50600274003 /* SceneDelegate.swift in Sources */,
				67CE751526AE113900274003 /* AuthService.swift in Sources */,
				67CE752A26AF4DA000274003 /* AlbumResponse.swift in Sources */,
				67CE752726AF272B00274003 /* API.swift in Sources */,
			);
			runOnlyForDeploymentPostprocessing = 0;
		};
/* End PBXSourcesBuildPhase section */

/* Begin XCBuildConfiguration section */
		67CE74F326ADC50800274003 /* Debug */ = {
			isa = XCBuildConfiguration;
			buildSettings = {
				ALWAYS_SEARCH_USER_PATHS = NO;
				CLANG_ANALYZER_NONNULL = YES;
				CLANG_ANALYZER_NUMBER_OBJECT_CONVERSION = YES_AGGRESSIVE;
				CLANG_CXX_LANGUAGE_STANDARD = "gnu++14";
				CLANG_CXX_LIBRARY = "libc++";
				CLANG_ENABLE_MODULES = YES;
				CLANG_ENABLE_OBJC_ARC = YES;
				CLANG_ENABLE_OBJC_WEAK = YES;
				CLANG_WARN_BLOCK_CAPTURE_AUTORELEASING = YES;
				CLANG_WARN_BOOL_CONVERSION = YES;
				CLANG_WARN_COMMA = YES;
				CLANG_WARN_CONSTANT_CONVERSION = YES;
				CLANG_WARN_DEPRECATED_OBJC_IMPLEMENTATIONS = YES;
				CLANG_WARN_DIRECT_OBJC_ISA_USAGE = YES_ERROR;
				CLANG_WARN_DOCUMENTATION_COMMENTS = YES;
				CLANG_WARN_EMPTY_BODY = YES;
				CLANG_WARN_ENUM_CONVERSION = YES;
				CLANG_WARN_INFINITE_RECURSION = YES;
				CLANG_WARN_INT_CONVERSION = YES;
				CLANG_WARN_NON_LITERAL_NULL_CONVERSION = YES;
				CLANG_WARN_OBJC_IMPLICIT_RETAIN_SELF = YES;
				CLANG_WARN_OBJC_LITERAL_CONVERSION = YES;
				CLANG_WARN_OBJC_ROOT_CLASS = YES_ERROR;
				CLANG_WARN_QUOTED_INCLUDE_IN_FRAMEWORK_HEADER = YES;
				CLANG_WARN_RANGE_LOOP_ANALYSIS = YES;
				CLANG_WARN_STRICT_PROTOTYPES = YES;
				CLANG_WARN_SUSPICIOUS_MOVE = YES;
				CLANG_WARN_UNGUARDED_AVAILABILITY = YES_AGGRESSIVE;
				CLANG_WARN_UNREACHABLE_CODE = YES;
				CLANG_WARN__DUPLICATE_METHOD_MATCH = YES;
				COPY_PHASE_STRIP = NO;
				DEBUG_INFORMATION_FORMAT = dwarf;
				ENABLE_STRICT_OBJC_MSGSEND = YES;
				ENABLE_TESTABILITY = YES;
				GCC_C_LANGUAGE_STANDARD = gnu11;
				GCC_DYNAMIC_NO_PIC = NO;
				GCC_NO_COMMON_BLOCKS = YES;
				GCC_OPTIMIZATION_LEVEL = 0;
				GCC_PREPROCESSOR_DEFINITIONS = (
					"DEBUG=1",
					"$(inherited)",
				);
				GCC_WARN_64_TO_32_BIT_CONVERSION = YES;
				GCC_WARN_ABOUT_RETURN_TYPE = YES_ERROR;
				GCC_WARN_UNDECLARED_SELECTOR = YES;
				GCC_WARN_UNINITIALIZED_AUTOS = YES_AGGRESSIVE;
				GCC_WARN_UNUSED_FUNCTION = YES;
				GCC_WARN_UNUSED_VARIABLE = YES;
				IPHONEOS_DEPLOYMENT_TARGET = 14.4;
				MTL_ENABLE_DEBUG_INFO = INCLUDE_SOURCE;
				MTL_FAST_MATH = YES;
				ONLY_ACTIVE_ARCH = YES;
				SDKROOT = iphoneos;
				SWIFT_ACTIVE_COMPILATION_CONDITIONS = DEBUG;
				SWIFT_OPTIMIZATION_LEVEL = "-Onone";
			};
			name = Debug;
		};
		67CE74F426ADC50800274003 /* Release */ = {
			isa = XCBuildConfiguration;
			buildSettings = {
				ALWAYS_SEARCH_USER_PATHS = NO;
				CLANG_ANALYZER_NONNULL = YES;
				CLANG_ANALYZER_NUMBER_OBJECT_CONVERSION = YES_AGGRESSIVE;
				CLANG_CXX_LANGUAGE_STANDARD = "gnu++14";
				CLANG_CXX_LIBRARY = "libc++";
				CLANG_ENABLE_MODULES = YES;
				CLANG_ENABLE_OBJC_ARC = YES;
				CLANG_ENABLE_OBJC_WEAK = YES;
				CLANG_WARN_BLOCK_CAPTURE_AUTORELEASING = YES;
				CLANG_WARN_BOOL_CONVERSION = YES;
				CLANG_WARN_COMMA = YES;
				CLANG_WARN_CONSTANT_CONVERSION = YES;
				CLANG_WARN_DEPRECATED_OBJC_IMPLEMENTATIONS = YES;
				CLANG_WARN_DIRECT_OBJC_ISA_USAGE = YES_ERROR;
				CLANG_WARN_DOCUMENTATION_COMMENTS = YES;
				CLANG_WARN_EMPTY_BODY = YES;
				CLANG_WARN_ENUM_CONVERSION = YES;
				CLANG_WARN_INFINITE_RECURSION = YES;
				CLANG_WARN_INT_CONVERSION = YES;
				CLANG_WARN_NON_LITERAL_NULL_CONVERSION = YES;
				CLANG_WARN_OBJC_IMPLICIT_RETAIN_SELF = YES;
				CLANG_WARN_OBJC_LITERAL_CONVERSION = YES;
				CLANG_WARN_OBJC_ROOT_CLASS = YES_ERROR;
				CLANG_WARN_QUOTED_INCLUDE_IN_FRAMEWORK_HEADER = YES;
				CLANG_WARN_RANGE_LOOP_ANALYSIS = YES;
				CLANG_WARN_STRICT_PROTOTYPES = YES;
				CLANG_WARN_SUSPICIOUS_MOVE = YES;
				CLANG_WARN_UNGUARDED_AVAILABILITY = YES_AGGRESSIVE;
				CLANG_WARN_UNREACHABLE_CODE = YES;
				CLANG_WARN__DUPLICATE_METHOD_MATCH = YES;
				COPY_PHASE_STRIP = NO;
				DEBUG_INFORMATION_FORMAT = "dwarf-with-dsym";
				ENABLE_NS_ASSERTIONS = NO;
				ENABLE_STRICT_OBJC_MSGSEND = YES;
				GCC_C_LANGUAGE_STANDARD = gnu11;
				GCC_NO_COMMON_BLOCKS = YES;
				GCC_WARN_64_TO_32_BIT_CONVERSION = YES;
				GCC_WARN_ABOUT_RETURN_TYPE = YES_ERROR;
				GCC_WARN_UNDECLARED_SELECTOR = YES;
				GCC_WARN_UNINITIALIZED_AUTOS = YES_AGGRESSIVE;
				GCC_WARN_UNUSED_FUNCTION = YES;
				GCC_WARN_UNUSED_VARIABLE = YES;
				IPHONEOS_DEPLOYMENT_TARGET = 14.4;
				MTL_ENABLE_DEBUG_INFO = NO;
				MTL_FAST_MATH = YES;
				SDKROOT = iphoneos;
				SWIFT_COMPILATION_MODE = wholemodule;
				SWIFT_OPTIMIZATION_LEVEL = "-O";
				VALIDATE_PRODUCT = YES;
			};
			name = Release;
		};
		67CE74F626ADC50800274003 /* Debug */ = {
			isa = XCBuildConfiguration;
			baseConfigurationReference = 906552C17D1D41530B916768 /* Pods-VKPhotoViewer.debug.xcconfig */;
			buildSettings = {
				ASSETCATALOG_COMPILER_APPICON_NAME = AppIcon;
				ASSETCATALOG_COMPILER_GLOBAL_ACCENT_COLOR_NAME = AccentColor;
				CODE_SIGN_STYLE = Automatic;
				DEVELOPMENT_TEAM = D8C7N2PLY3;
				INFOPLIST_FILE = "VKPhotoViewer/Supporting Files/Info.plist";
				IPHONEOS_DEPLOYMENT_TARGET = 13.0;
				LD_RUNPATH_SEARCH_PATHS = (
					"$(inherited)",
					"@executable_path/Frameworks",
				);
				PRODUCT_BUNDLE_IDENTIFIER = com.albertRazhapov.VKPhotoViewer;
				PRODUCT_NAME = "$(TARGET_NAME)";
				SWIFT_VERSION = 5.0;
				TARGETED_DEVICE_FAMILY = "1,2";
			};
			name = Debug;
		};
		67CE74F726ADC50800274003 /* Release */ = {
			isa = XCBuildConfiguration;
			baseConfigurationReference = A222B0C8223B06653F7DFF8E /* Pods-VKPhotoViewer.release.xcconfig */;
			buildSettings = {
				ASSETCATALOG_COMPILER_APPICON_NAME = AppIcon;
				ASSETCATALOG_COMPILER_GLOBAL_ACCENT_COLOR_NAME = AccentColor;
				CODE_SIGN_STYLE = Automatic;
				DEVELOPMENT_TEAM = D8C7N2PLY3;
				INFOPLIST_FILE = "VKPhotoViewer/Supporting Files/Info.plist";
				IPHONEOS_DEPLOYMENT_TARGET = 13.0;
				LD_RUNPATH_SEARCH_PATHS = (
					"$(inherited)",
					"@executable_path/Frameworks",
				);
				PRODUCT_BUNDLE_IDENTIFIER = com.albertRazhapov.VKPhotoViewer;
				PRODUCT_NAME = "$(TARGET_NAME)";
				SWIFT_VERSION = 5.0;
				TARGETED_DEVICE_FAMILY = "1,2";
			};
			name = Release;
		};
/* End XCBuildConfiguration section */

/* Begin XCConfigurationList section */
		67CE74DC26ADC50600274003 /* Build configuration list for PBXProject "VKPhotoViewer" */ = {
			isa = XCConfigurationList;
			buildConfigurations = (
				67CE74F326ADC50800274003 /* Debug */,
				67CE74F426ADC50800274003 /* Release */,
			);
			defaultConfigurationIsVisible = 0;
			defaultConfigurationName = Release;
		};
		67CE74F526ADC50800274003 /* Build configuration list for PBXNativeTarget "VKPhotoViewer" */ = {
			isa = XCConfigurationList;
			buildConfigurations = (
				67CE74F626ADC50800274003 /* Debug */,
				67CE74F726ADC50800274003 /* Release */,
			);
			defaultConfigurationIsVisible = 0;
			defaultConfigurationName = Release;
		};
/* End XCConfigurationList section */
	};
	rootObject = 67CE74D926ADC50600274003 /* Project object */;
}
